dependencies:
- name: kubeblocks
  repository: https://apecloud.github.io/helm-charts
  version: 1.0.2
- name: postgresql
  repository: https://apecloud.github.io/helm-charts
  version: 1.0.2
- name: redis
  repository: https://apecloud.github.io/helm-charts
  version: 1.0.4
- name: mongodb
  repository: https://apecloud.github.io/helm-charts
  version: 1.0.2
- name: qdrant
  repository: https://apecloud.github.io/helm-charts
  version: 1.0.2
digest: sha256:cfaad53a55214fb7aea3f2aab09bfd15cad479994d90bd031c3db9d171b533e2
generated: "2026-07-23T04:09:23.876259821Z"
