dependencies:
- name: kubeblocks
  repository: https://apecloud.github.io/helm-charts
  version: 1.0.2
- name: postgresql
  repository: https://apecloud.github.io/helm-charts
  version: 1.0.2
- name: redis
  repository: https://apecloud.github.io/helm-charts
  version: 1.0.2
- name: mongodb
  repository: https://apecloud.github.io/helm-charts
  version: 1.0.3
- name: qdrant
  repository: https://apecloud.github.io/helm-charts
  version: 1.0.2
digest: sha256:4c649b55875ea20fdeb22d39daf6b1926aa345bfdc9c3bc0fba0e5470fd7a9eb
generated: "2026-07-23T04:08:08.598292817Z"
