dependencies:
- name: kubeblocks
  repository: https://apecloud.github.io/helm-charts
  version: 1.0.2
- name: postgresql
  repository: https://apecloud.github.io/helm-charts
  version: 1.0.2
- name: redis
  repository: https://apecloud.github.io/helm-charts
  version: 1.0.2
- name: mongodb
  repository: https://apecloud.github.io/helm-charts
  version: 1.0.2
- name: qdrant
  repository: https://apecloud.github.io/helm-charts
  version: 1.0.3
digest: sha256:de49da11799db0f6244f4a09d71fbc452cb43c902b7c4f6fb38d5b9b59748b00
generated: "2026-08-14T03:49:33.73525795Z"
